
Microsoft Visual Studio Solution File, Format Version 12.00
# Visual Studio Version 17
VisualStudioVersion = 17.3.32804.467
MinimumVisualStudioVersion = 10.0.40219.1
Project("{FAE04EC0-301F-11D3-BF4B-00C04F79EFBC}") = "kthp", "kthp\kthp.csproj", "{1B9A1C61-0F65-4CB9-A022-3D4BC9A5A6F3}"
EndProject
Project("{FAE04EC0-301F-11D3-BF4B-00C04F79EFBC}") = "BLLQLNS", "BLLQLNS\BLLQLNS.csproj", "{527DB80B-225B-4C16-A2D3-2B529BE3D7CF}"
EndProject
Project("{FAE04EC0-301F-11D3-BF4B-00C04F79EFBC}") = "DALQLNS", "DALQLNS\DALQLNS.csproj", "{1912ACDD-8CDA-430C-B0B1-91B598317497}"
EndProject
Project("{FAE04EC0-301F-11D3-BF4B-00C04F79EFBC}") = "DTOQLNS", "DTOQLNS\DTOQLNS.csproj", "{ECDFB7B3-3C9E-47A2-AB97-CDC356C5F2A3}"
EndProject
Project("{54435603-DBB4-11D2-8724-00A0C9A8B90C}") = "KTHP_Desktop", "KTHP_Desktop\KTHP_Desktop.vdproj", "{158964A9-CF68-40A1-B56C-E7194EAAF397}"
EndProject
Global
	GlobalSection(SolutionConfigurationPlatforms) = preSolution
		Debug|Any CPU = Debug|Any CPU
		Release|Any CPU = Release|Any CPU
	EndGlobalSection
	GlobalSection(ProjectConfigurationPlatforms) = postSolution
		{1B9A1C61-0F65-4CB9-A022-3D4BC9A5A6F3}.Debug|Any CPU.ActiveCfg = Debug|Any CPU
		{1B9A1C61-0F65-4CB9-A022-3D4BC9A5A6F3}.Debug|Any CPU.Build.0 = Debug|Any CPU
		{1B9A1C61-0F65-4CB9-A022-3D4BC9A5A6F3}.Release|Any CPU.ActiveCfg = Release|Any CPU
		{1B9A1C61-0F65-4CB9-A022-3D4BC9A5A6F3}.Release|Any CPU.Build.0 = Release|Any CPU
		{527DB80B-225B-4C16-A2D3-2B529BE3D7CF}.Debug|Any CPU.ActiveCfg = Debug|Any CPU
		{527DB80B-225B-4C16-A2D3-2B529BE3D7CF}.Debug|Any CPU.Build.0 = Debug|Any CPU
		{527DB80B-225B-4C16-A2D3-2B529BE3D7CF}.Release|Any CPU.ActiveCfg = Release|Any CPU
		{527DB80B-225B-4C16-A2D3-2B529BE3D7CF}.Release|Any CPU.Build.0 = Release|Any CPU
		{1912ACDD-8CDA-430C-B0B1-91B598317497}.Debug|Any CPU.ActiveCfg = Debug|Any CPU
		{1912ACDD-8CDA-430C-B0B1-91B598317497}.Debug|Any CPU.Build.0 = Debug|Any CPU
		{1912ACDD-8CDA-430C-B0B1-91B598317497}.Release|Any CPU.ActiveCfg = Release|Any CPU
		{1912ACDD-8CDA-430C-B0B1-91B598317497}.Release|Any CPU.Build.0 = Release|Any CPU
		{ECDFB7B3-3C9E-47A2-AB97-CDC356C5F2A3}.Debug|Any CPU.ActiveCfg = Debug|Any CPU
		{ECDFB7B3-3C9E-47A2-AB97-CDC356C5F2A3}.Debug|Any CPU.Build.0 = Debug|Any CPU
		{ECDFB7B3-3C9E-47A2-AB97-CDC356C5F2A3}.Release|Any CPU.ActiveCfg = Release|Any CPU
		{ECDFB7B3-3C9E-47A2-AB97-CDC356C5F2A3}.Release|Any CPU.Build.0 = Release|Any CPU
		{158964A9-CF68-40A1-B56C-E7194EAAF397}.Debug|Any CPU.ActiveCfg = Debug
		{158964A9-CF68-40A1-B56C-E7194EAAF397}.Release|Any CPU.ActiveCfg = Release
	EndGlobalSection
	GlobalSection(SolutionProperties) = preSolution
		HideSolutionNode = FALSE
	EndGlobalSection
	GlobalSection(ExtensibilityGlobals) = postSolution
		SolutionGuid = {8386C712-F542-49B4-A347-533190FAF486}
	EndGlobalSection
EndGlobal
